
Microsoft Visual Studio Solution File, Format Version 12.00
# Visual Studio Version 17
VisualStudioVersion = 17.11.35222.181
MinimumVisualStudioVersion = 10.0.40219.1
Project("{FAE04EC0-301F-11D3-BF4B-00C04F79EFBC}") = "Serialization_csharp", "Serialization_csharp.csproj", "{EC29AA48-7E0C-4A60-BEA3-0C9DE93A8435}"
EndProject
Global
	GlobalSection(SolutionConfigurationPlatforms) = preSolution
		Debug|Any CPU = Debug|Any CPU
		Release|Any CPU = Release|Any CPU
	EndGlobalSection
	GlobalSection(ProjectConfigurationPlatforms) = postSolution
		{EC29AA48-7E0C-4A60-BEA3-0C9DE93A8435}.Debug|Any CPU.ActiveCfg = Debug|Any CPU
		{EC29AA48-7E0C-4A60-BEA3-0C9DE93A8435}.Debug|Any CPU.Build.0 = Debug|Any CPU
		{EC29AA48-7E0C-4A60-BEA3-0C9DE93A8435}.Release|Any CPU.ActiveCfg = Release|Any CPU
		{EC29AA48-7E0C-4A60-BEA3-0C9DE93A8435}.Release|Any CPU.Build.0 = Release|Any CPU
	EndGlobalSection
	GlobalSection(SolutionProperties) = preSolution
		HideSolutionNode = FALSE
	EndGlobalSection
	GlobalSection(ExtensibilityGlobals) = postSolution
		SolutionGuid = {4E164DBA-39C5-4388-92DB-0E734A30C989}
	EndGlobalSection
EndGlobal
